
Microsoft Visual Studio Solution File, Format Version 12.00
# Visual Studio Version 16
VisualStudioVersion = 16.0.34301.259
MinimumVisualStudioVersion = 10.0.40219.1
Project("{FAE04EC0-301F-11D3-BF4B-00C04F79EFBC}") = "Aufgaben", "HelloWorld\Aufgaben.csproj", "{99FDB65F-5A2E-4D59-8D55-7C199CDC5346}"
EndProject
Global
	GlobalSection(SolutionConfigurationPlatforms) = preSolution
		Debug|Any CPU = Debug|Any CPU
		Release|Any CPU = Release|Any CPU
	EndGlobalSection
	GlobalSection(ProjectConfigurationPlatforms) = postSolution
		{99FDB65F-5A2E-4D59-8D55-7C199CDC5346}.Debug|Any CPU.ActiveCfg = Debug|Any CPU
		{99FDB65F-5A2E-4D59-8D55-7C199CDC5346}.Debug|Any CPU.Build.0 = Debug|Any CPU
		{99FDB65F-5A2E-4D59-8D55-7C199CDC5346}.Release|Any CPU.ActiveCfg = Release|Any CPU
		{99FDB65F-5A2E-4D59-8D55-7C199CDC5346}.Release|Any CPU.Build.0 = Release|Any CPU
	EndGlobalSection
	GlobalSection(SolutionProperties) = preSolution
		HideSolutionNode = FALSE
	EndGlobalSection
	GlobalSection(ExtensibilityGlobals) = postSolution
		SolutionGuid = {1A8104EF-1F13-4C7B-A9D0-7A92517EA703}
	EndGlobalSection
EndGlobal
